
Microsoft Visual Studio Solution File, Format Version 12.00
# Visual Studio Version 16
VisualStudioVersion = 16.0.29613.14
MinimumVisualStudioVersion = 10.0.40219.1
Project("{FAE04EC0-301F-11D3-BF4B-00C04F79EFBC}") = "Schaefer4200", "Schaefer4200.csproj", "{513AF48B-D20C-4A7B-8218-D6D60D2741A5}"
EndProject
Global
	GlobalSection(SolutionConfigurationPlatforms) = preSolution
		Debug|Any CPU = Debug|Any CPU
		Release|Any CPU = Release|Any CPU
	EndGlobalSection
	GlobalSection(ProjectConfigurationPlatforms) = postSolution
		{513AF48B-D20C-4A7B-8218-D6D60D2741A5}.Debug|Any CPU.ActiveCfg = Debug|Any CPU
		{513AF48B-D20C-4A7B-8218-D6D60D2741A5}.Debug|Any CPU.Build.0 = Debug|Any CPU
		{513AF48B-D20C-4A7B-8218-D6D60D2741A5}.Release|Any CPU.ActiveCfg = Release|Any CPU
		{513AF48B-D20C-4A7B-8218-D6D60D2741A5}.Release|Any CPU.Build.0 = Release|Any CPU
	EndGlobalSection
	GlobalSection(SolutionProperties) = preSolution
		HideSolutionNode = FALSE
	EndGlobalSection
	GlobalSection(ExtensibilityGlobals) = postSolution
		SolutionGuid = {2EBE2F5A-FC89-4FB0-AFFE-530277DC360F}
	EndGlobalSection
EndGlobal
